
Microsoft Visual Studio Solution File, Format Version 12.00
# Visual Studio Version 17
VisualStudioVersion = 17.6.33723.286
MinimumVisualStudioVersion = 10.0.40219.1
Project("{FAE04EC0-301F-11D3-BF4B-00C04F79EFBC}") = "MigrationStudy", "MigrationStudy.csproj", "{4CC65086-CECF-4CBC-944C-D0827B3F3321}"
EndProject
Global
	GlobalSection(SolutionConfigurationPlatforms) = preSolution
		Debug|Any CPU = Debug|Any CPU
		Release|Any CPU = Release|Any CPU
	EndGlobalSection
	GlobalSection(ProjectConfigurationPlatforms) = postSolution
		{4CC65086-CECF-4CBC-944C-D0827B3F3321}.Debug|Any CPU.ActiveCfg = Debug|Any CPU
		{4CC65086-CECF-4CBC-944C-D0827B3F3321}.Debug|Any CPU.Build.0 = Debug|Any CPU
		{4CC65086-CECF-4CBC-944C-D0827B3F3321}.Release|Any CPU.ActiveCfg = Release|Any CPU
		{4CC65086-CECF-4CBC-944C-D0827B3F3321}.Release|Any CPU.Build.0 = Release|Any CPU
	EndGlobalSection
	GlobalSection(SolutionProperties) = preSolution
		HideSolutionNode = FALSE
	EndGlobalSection
	GlobalSection(ExtensibilityGlobals) = postSolution
		SolutionGuid = {005FC8F4-E872-4E75-AC97-A4B5511E1453}
	EndGlobalSection
EndGlobal
